// !$*UTF8*$!
{
	archiveVersion = 1;
	classes = {
	};
	objectVersion = 50;
	objects = {

/* Begin PBXBuildFile section */
		7985562024C8475E00544777 /* Mileage_TrackerApp.swift in Sources */ = {isa = PBXBuildFile; fileRef = 7985561F24C8475E00544777 /* Mileage_TrackerApp.swift */; };
		7985562224C8475E00544777 /* ContentView.swift in Sources */ = {isa = PBXBuildFile; fileRef = 7985562124C8475E00544777 /* ContentView.swift */; };
		7985562424C8476000544777 /* Assets.xcassets in Resources */ = {isa = PBXBuildFile; fileRef = 7985562324C8476000544777 /* Assets.xcassets */; };
		7985562724C8476000544777 /* Preview Assets.xcassets in Resources */ = {isa = PBXBuildFile; fileRef = 7985562624C8476000544777 /* Preview Assets.xcassets */; };
		7985563224C8476000544777 /* Mileage_TrackerTests.swift in Sources */ = {isa = PBXBuildFile; fileRef = 7985563124C8476000544777 /* Mileage_TrackerTests.swift */; };
		7985563D24C8476000544777 /* Mileage_TrackerUITests.swift in Sources */ = {isa = PBXBuildFile; fileRef = 7985563C24C8476000544777 /* Mileage_TrackerUITests.swift */; };
		7985564B24C8478700544777 /* MileageTracker.swift in Sources */ = {isa = PBXBuildFile; fileRef = 7985564A24C8478700544777 /* MileageTracker.swift */; };
		7985564D24C84D8300544777 /* AddRefuel.swift in Sources */ = {isa = PBXBuildFile; fileRef = 7985564C24C84D8300544777 /* AddRefuel.swift */; };
/* End PBXBuildFile section */

/* Begin PBXContainerItemProxy section */
		7985562E24C8476000544777 /* PBXContainerItemProxy */ = {
			isa = PBXContainerItemProxy;
			containerPortal = 7985561424C8475E00544777 /* Project object */;
			proxyType = 1;
			remoteGlobalIDString = 7985561B24C8475E00544777;
			remoteInfo = "Mileage Tracker";
		};
		7985563924C8476000544777 /* PBXContainerItemProxy */ = {
			isa = PBXContainerItemProxy;
			containerPortal = 7985561424C8475E00544777 /* Project object */;
			proxyType = 1;
			remoteGlobalIDString = 7985561B24C8475E00544777;
			remoteInfo = "Mileage Tracker";
		};
/* End PBXContainerItemProxy section */

/* Begin PBXFileReference section */
		7985561C24C8475E00544777 /* Mileage Tracker.app */ = {isa = PBXFileReference; explicitFileType = wrapper.application; includeInIndex = 0; path = "Mileage Tracker.app"; sourceTree = BUILT_PRODUCTS_DIR; };
		7985561F24C8475E00544777 /* Mileage_TrackerApp.swift */ = {isa = PBXFileReference; lastKnownFileType = sourcecode.swift; path = Mileage_TrackerApp.swift; sourceTree = "<group>"; };
		7985562124C8475E00544777 /* ContentView.swift */ = {isa = PBXFileReference; lastKnownFileType = sourcecode.swift; path = ContentView.swift; sourceTree = "<group>"; };
		7985562324C8476000544777 /* Assets.xcassets */ = {isa = PBXFileReference; lastKnownFileType = folder.assetcatalog; path = Assets.xcassets; sourceTree = "<group>"; };
		7985562624C8476000544777 /* Preview Assets.xcassets */ = {isa = PBXFileReference; lastKnownFileType = folder.assetcatalog; path = "Preview Assets.xcassets"; sourceTree = "<group>"; };
		7985562824C8476000544777 /* Info.plist */ = {isa = PBXFileReference; lastKnownFileType = text.plist.xml; path = Info.plist; sourceTree = "<group>"; };
		7985562D24C8476000544777 /* Mileage TrackerTests.xctest */ = {isa = PBXFileReference; explicitFileType = wrapper.cfbundle; includeInIndex = 0; path = "Mileage TrackerTests.xctest"; sourceTree = BUILT_PRODUCTS_DIR; };
		7985563124C8476000544777 /* Mileage_TrackerTests.swift */ = {isa = PBXFileReference; lastKnownFileType = sourcecode.swift; path = Mileage_TrackerTests.swift; sourceTree = "<group>"; };
		7985563324C8476000544777 /* Info.plist */ = {isa = PBXFileReference; lastKnownFileType = text.plist.xml; path = Info.plist; sourceTree = "<group>"; };
		7985563824C8476000544777 /* Mileage TrackerUITests.xctest */ = {isa = PBXFileReference; explicitFileType = wrapper.cfbundle; includeInIndex = 0; path = "Mileage TrackerUITests.xctest"; sourceTree = BUILT_PRODUCTS_DIR; };
		7985563C24C8476000544777 /* Mileage_TrackerUITests.swift */ = {isa = PBXFileReference; lastKnownFileType = sourcecode.swift; path = Mileage_TrackerUITests.swift; sourceTree = "<group>"; };
		7985563E24C8476000544777 /* Info.plist */ = {isa = PBXFileReference; lastKnownFileType = text.plist.xml; path = Info.plist; sourceTree = "<group>"; };
		7985564A24C8478700544777 /* MileageTracker.swift */ = {isa = PBXFileReference; lastKnownFileType = sourcecode.swift; path = MileageTracker.swift; sourceTree = "<group>"; };
		7985564C24C84D8300544777 /* AddRefuel.swift */ = {isa = PBXFileReference; lastKnownFileType = sourcecode.swift; path = AddRefuel.swift; sourceTree = "<group>"; };
/* End PBXFileReference section */

/* Begin PBXFrameworksBuildPhase section */
		7985561924C8475E00544777 /* Frameworks */ = {
			isa = PBXFrameworksBuildPhase;
			buildActionMask = 2147483647;
			files = (
			);
			runOnlyForDeploymentPostprocessing = 0;
		};
		7985562A24C8476000544777 /* Frameworks */ = {
			isa = PBXFrameworksBuildPhase;
			buildActionMask = 2147483647;
			files = (
			);
			runOnlyForDeploymentPostprocessing = 0;
		};
		7985563524C8476000544777 /* Frameworks */ = {
			isa = PBXFrameworksBuildPhase;
			buildActionMask = 2147483647;
			files = (
			);
			runOnlyForDeploymentPostprocessing = 0;
		};
/* End PBXFrameworksBuildPhase section */

/* Begin PBXGroup section */
		7985561324C8475E00544777 = {
			isa = PBXGroup;
			children = (
				7985561E24C8475E00544777 /* Mileage Tracker */,
				7985563024C8476000544777 /* Mileage TrackerTests */,
				7985563B24C8476000544777 /* Mileage TrackerUITests */,
				7985561D24C8475E00544777 /* Products */,
			);
			sourceTree = "<group>";
		};
		7985561D24C8475E00544777 /* Products */ = {
			isa = PBXGroup;
			children = (
				7985561C24C8475E00544777 /* Mileage Tracker.app */,
				7985562D24C8476000544777 /* Mileage TrackerTests.xctest */,
				7985563824C8476000544777 /* Mileage TrackerUITests.xctest */,
			);
			name = Products;
			sourceTree = "<group>";
		};
		7985561E24C8475E00544777 /* Mileage Tracker */ = {
			isa = PBXGroup;
			children = (
				7985561F24C8475E00544777 /* Mileage_TrackerApp.swift */,
				7985562124C8475E00544777 /* ContentView.swift */,
				7985564C24C84D8300544777 /* AddRefuel.swift */,
				7985564A24C8478700544777 /* MileageTracker.swift */,
				7985562324C8476000544777 /* Assets.xcassets */,
				7985562824C8476000544777 /* Info.plist */,
				7985562524C8476000544777 /* Preview Content */,
			);
			path = "Mileage Tracker";
			sourceTree = "<group>";
		};
		7985562524C8476000544777 /* Preview Content */ = {
			isa = PBXGroup;
			children = (
				7985562624C8476000544777 /* Preview Assets.xcassets */,
			);
			path = "Preview Content";
			sourceTree = "<group>";
		};
		7985563024C8476000544777 /* Mileage TrackerTests */ = {
			isa = PBXGroup;
			children = (
				7985563124C8476000544777 /* Mileage_TrackerTests.swift */,
				7985563324C8476000544777 /* Info.plist */,
			);
			path = "Mileage TrackerTests";
			sourceTree = "<group>";
		};
		7985563B24C8476000544777 /* Mileage TrackerUITests */ = {
			isa = PBXGroup;
			children = (
				7985563C24C8476000544777 /* Mileage_TrackerUITests.swift */,
				7985563E24C8476000544777 /* Info.plist */,
			);
			path = "Mileage TrackerUITests";
			sourceTree = "<group>";
		};
/* End PBXGroup section */

/* Begin PBXNativeTarget section */
		7985561B24C8475E00544777 /* Mileage Tracker */ = {
			isa = PBXNativeTarget;
			buildConfigurationList = 7985564124C8476000544777 /* Build configuration list for PBXNativeTarget "Mileage Tracker" */;
			buildPhases = (
				7985561824C8475E00544777 /* Sources */,
				7985561924C8475E00544777 /* Frameworks */,
				7985561A24C8475E00544777 /* Resources */,
			);
			buildRules = (
			);
			dependencies = (
			);
			name = "Mileage Tracker";
			productName = "Mileage Tracker";
			productReference = 7985561C24C8475E00544777 /* Mileage Tracker.app */;
			productType = "com.apple.product-type.application";
		};
		7985562C24C8476000544777 /* Mileage TrackerTests */ = {
			isa = PBXNativeTarget;
			buildConfigurationList = 7985564424C8476000544777 /* Build configuration list for PBXNativeTarget "Mileage TrackerTests" */;
			buildPhases = (
				7985562924C8476000544777 /* Sources */,
				7985562A24C8476000544777 /* Frameworks */,
				7985562B24C8476000544777 /* Resources */,
			);
			buildRules = (
			);
			dependencies = (
				7985562F24C8476000544777 /* PBXTargetDependency */,
			);
			name = "Mileage TrackerTests";
			productName = "Mileage TrackerTests";
			productReference = 7985562D24C8476000544777 /* Mileage TrackerTests.xctest */;
			productType = "com.apple.product-type.bundle.unit-test";
		};
		7985563724C8476000544777 /* Mileage TrackerUITests */ = {
			isa = PBXNativeTarget;
			buildConfigurationList = 7985564724C8476000544777 /* Build configuration list for PBXNativeTarget "Mileage TrackerUITests" */;
			buildPhases = (
				7985563424C8476000544777 /* Sources */,
				7985563524C8476000544777 /* Frameworks */,
				7985563624C8476000544777 /* Resources */,
			);
			buildRules = (
			);
			dependencies = (
				7985563A24C8476000544777 /* PBXTargetDependency */,
			);
			name = "Mileage TrackerUITests";
			productName = "Mileage TrackerUITests";
			productReference = 7985563824C8476000544777 /* Mileage TrackerUITests.xctest */;
			productType = "com.apple.product-type.bundle.ui-testing";
		};
/* End PBXNativeTarget section */

/* Begin PBXProject section */
		7985561424C8475E00544777 /* Project object */ = {
			isa = PBXProject;
			attributes = {
				LastSwiftUpdateCheck = 1200;
				LastUpgradeCheck = 1200;
				TargetAttributes = {
					7985561B24C8475E00544777 = {
						CreatedOnToolsVersion = 12.0;
					};
					7985562C24C8476000544777 = {
						CreatedOnToolsVersion = 12.0;
						TestTargetID = 7985561B24C8475E00544777;
					};
					7985563724C8476000544777 = {
						CreatedOnToolsVersion = 12.0;
						TestTargetID = 7985561B24C8475E00544777;
					};
				};
			};
			buildConfigurationList = 7985561724C8475E00544777 /* Build configuration list for PBXProject "Mileage Tracker" */;
			compatibilityVersion = "Xcode 9.3";
			developmentRegion = en;
			hasScannedForEncodings = 0;
			knownRegions = (
				en,
				Base,
			);
			mainGroup = 7985561324C8475E00544777;
			productRefGroup = 7985561D24C8475E00544777 /* Products */;
			projectDirPath = "";
			projectRoot = "";
			targets = (
				7985561B24C8475E00544777 /* Mileage Tracker */,
				7985562C24C8476000544777 /* Mileage TrackerTests */,
				7985563724C8476000544777 /* Mileage TrackerUITests */,
			);
		};
/* End PBXProject section */

/* Begin PBXResourcesBuildPhase section */
		7985561A24C8475E00544777 /* Resources */ = {
			isa = PBXResourcesBuildPhase;
			buildActionMask = 2147483647;
			files = (
				7985562724C8476000544777 /* Preview Assets.xcassets in Resources */,
				7985562424C8476000544777 /* Assets.xcassets in Resources */,
			);
			runOnlyForDeploymentPostprocessing = 0;
		};
		7985562B24C8476000544777 /* Resources */ = {
			isa = PBXResourcesBuildPhase;
			buildActionMask = 2147483647;
			files = (
			);
			runOnlyForDeploymentPostprocessing = 0;
		};
		7985563624C8476000544777 /* Resources */ = {
			isa = PBXResourcesBuildPhase;
			buildActionMask = 2147483647;
			files = (
			);
			runOnlyForDeploymentPostprocessing = 0;
		};
/* End PBXResourcesBuildPhase section */

/* Begin PBXSourcesBuildPhase section */
		7985561824C8475E00544777 /* Sources */ = {
			isa = PBXSourcesBuildPhase;
			buildActionMask = 2147483647;
			files = (
				7985564B24C8478700544777 /* MileageTracker.swift in Sources */,
				7985562224C8475E00544777 /* ContentView.swift in Sources */,
				7985564D24C84D8300544777 /* AddRefuel.swift in Sources */,
				7985562024C8475E00544777 /* Mileage_TrackerApp.swift in Sources */,
			);
			runOnlyForDeploymentPostprocessing = 0;
		};
		7985562924C8476000544777 /* Sources */ = {
			isa = PBXSourcesBuildPhase;
			buildActionMask = 2147483647;
			files = (
				7985563224C8476000544777 /* Mileage_TrackerTests.swift in Sources */,
			);
			runOnlyForDeploymentPostprocessing = 0;
		};
		7985563424C8476000544777 /* Sources */ = {
			isa = PBXSourcesBuildPhase;
			buildActionMask = 2147483647;
			files = (
				7985563D24C8476000544777 /* Mileage_TrackerUITests.swift in Sources */,
			);
			runOnlyForDeploymentPostprocessing = 0;
		};
/* End PBXSourcesBuildPhase section */

/* Begin PBXTargetDependency section */
		7985562F24C8476000544777 /* PBXTargetDependency */ = {
			isa = PBXTargetDependency;
			target = 7985561B24C8475E00544777 /* Mileage Tracker */;
			targetProxy = 7985562E24C8476000544777 /* PBXContainerItemProxy */;
		};
		7985563A24C8476000544777 /* PBXTargetDependency */ = {
			isa = PBXTargetDependency;
			target = 7985561B24C8475E00544777 /* Mileage Tracker */;
			targetProxy = 7985563924C8476000544777 /* PBXContainerItemProxy */;
		};
/* End PBXTargetDependency section */

/* Begin XCBuildConfiguration section */
		7985563F24C8476000544777 /* Debug */ = {
			isa = XCBuildConfiguration;
			buildSettings = {
				ALWAYS_SEARCH_USER_PATHS = NO;
				CLANG_ANALYZER_NONNULL = YES;
				CLANG_ANALYZER_NUMBER_OBJECT_CONVERSION = YES_AGGRESSIVE;
				CLANG_CXX_LANGUAGE_STANDARD = "gnu++14";
				CLANG_CXX_LIBRARY = "libc++";
				CLANG_ENABLE_MODULES = YES;
				CLANG_ENABLE_OBJC_ARC = YES;
				CLANG_ENABLE_OBJC_WEAK = YES;
				CLANG_WARN_BLOCK_CAPTURE_AUTORELEASING = YES;
				CLANG_WARN_BOOL_CONVERSION = YES;
				CLANG_WARN_COMMA = YES;
				CLANG_WARN_CONSTANT_CONVERSION = YES;
				CLANG_WARN_DEPRECATED_OBJC_IMPLEMENTATIONS = YES;
				CLANG_WARN_DIRECT_OBJC_ISA_USAGE = YES_ERROR;
				CLANG_WARN_DOCUMENTATION_COMMENTS = YES;
				CLANG_WARN_EMPTY_BODY = YES;
				CLANG_WARN_ENUM_CONVERSION = YES;
				CLANG_WARN_INFINITE_RECURSION = YES;
				CLANG_WARN_INT_CONVERSION = YES;
				CLANG_WARN_NON_LITERAL_NULL_CONVERSION = YES;
				CLANG_WARN_OBJC_IMPLICIT_RETAIN_SELF = YES;
				CLANG_WARN_OBJC_LITERAL_CONVERSION = YES;
				CLANG_WARN_OBJC_ROOT_CLASS = YES_ERROR;
				CLANG_WARN_QUOTED_INCLUDE_IN_FRAMEWORK_HEADER = YES;
				CLANG_WARN_RANGE_LOOP_ANALYSIS = YES;
				CLANG_WARN_STRICT_PROTOTYPES = YES;
				CLANG_WARN_SUSPICIOUS_MOVE = YES;
				CLANG_WARN_UNGUARDED_AVAILABILITY = YES_AGGRESSIVE;
				CLANG_WARN_UNREACHABLE_CODE = YES;
				CLANG_WARN__DUPLICATE_METHOD_MATCH = YES;
				COPY_PHASE_STRIP = NO;
				DEBUG_INFORMATION_FORMAT = dwarf;
				ENABLE_STRICT_OBJC_MSGSEND = YES;
				ENABLE_TESTABILITY = YES;
				GCC_C_LANGUAGE_STANDARD = gnu11;
				GCC_DYNAMIC_NO_PIC = NO;
				GCC_NO_COMMON_BLOCKS = YES;
				GCC_OPTIMIZATION_LEVEL = 0;
				GCC_PREPROCESSOR_DEFINITIONS = (
					"DEBUG=1",
					"$(inherited)",
				);
				GCC_WARN_64_TO_32_BIT_CONVERSION = YES;
				GCC_WARN_ABOUT_RETURN_TYPE = YES_ERROR;
				GCC_WARN_UNDECLARED_SELECTOR = YES;
				GCC_WARN_UNINITIALIZED_AUTOS = YES_AGGRESSIVE;
				GCC_WARN_UNUSED_FUNCTION = YES;
				GCC_WARN_UNUSED_VARIABLE = YES;
				IPHONEOS_DEPLOYMENT_TARGET = 14.0;
				MTL_ENABLE_DEBUG_INFO = INCLUDE_SOURCE;
				MTL_FAST_MATH = YES;
				ONLY_ACTIVE_ARCH = YES;
				SDKROOT = iphoneos;
				SWIFT_ACTIVE_COMPILATION_CONDITIONS = DEBUG;
				SWIFT_OPTIMIZATION_LEVEL = "-Onone";
			};
			name = Debug;
		};
		7985564024C8476000544777 /* Release */ = {
			isa = XCBuildConfiguration;
			buildSettings = {
				ALWAYS_SEARCH_USER_PATHS = NO;
				CLANG_ANALYZER_NONNULL = YES;
				CLANG_ANALYZER_NUMBER_OBJECT_CONVERSION = YES_AGGRESSIVE;
				CLANG_CXX_LANGUAGE_STANDARD = "gnu++14";
				CLANG_CXX_LIBRARY = "libc++";
				CLANG_ENABLE_MODULES = YES;
				CLANG_ENABLE_OBJC_ARC = YES;
				CLANG_ENABLE_OBJC_WEAK = YES;
				CLANG_WARN_BLOCK_CAPTURE_AUTORELEASING = YES;
				CLANG_WARN_BOOL_CONVERSION = YES;
				CLANG_WARN_COMMA = YES;
				CLANG_WARN_CONSTANT_CONVERSION = YES;
				CLANG_WARN_DEPRECATED_OBJC_IMPLEMENTATIONS = YES;
				CLANG_WARN_DIRECT_OBJC_ISA_USAGE = YES_ERROR;
				CLANG_WARN_DOCUMENTATION_COMMENTS = YES;
				CLANG_WARN_EMPTY_BODY = YES;
				CLANG_WARN_ENUM_CONVERSION = YES;
				CLANG_WARN_INFINITE_RECURSION = YES;
				CLANG_WARN_INT_CONVERSION = YES;
				CLANG_WARN_NON_LITERAL_NULL_CONVERSION = YES;
				CLANG_WARN_OBJC_IMPLICIT_RETAIN_SELF = YES;
				CLANG_WARN_OBJC_LITERAL_CONVERSION = YES;
				CLANG_WARN_OBJC_ROOT_CLASS = YES_ERROR;
				CLANG_WARN_QUOTED_INCLUDE_IN_FRAMEWORK_HEADER = YES;
				CLANG_WARN_RANGE_LOOP_ANALYSIS = YES;
				CLANG_WARN_STRICT_PROTOTYPES = YES;
				CLANG_WARN_SUSPICIOUS_MOVE = YES;
				CLANG_WARN_UNGUARDED_AVAILABILITY = YES_AGGRESSIVE;
				CLANG_WARN_UNREACHABLE_CODE = YES;
				CLANG_WARN__DUPLICATE_METHOD_MATCH = YES;
				COPY_PHASE_STRIP = NO;
				DEBUG_INFORMATION_FORMAT = "dwarf-with-dsym";
				ENABLE_NS_ASSERTIONS = NO;
				ENABLE_STRICT_OBJC_MSGSEND = YES;
				GCC_C_LANGUAGE_STANDARD = gnu11;
				GCC_NO_COMMON_BLOCKS = YES;
				GCC_WARN_64_TO_32_BIT_CONVERSION = YES;
				GCC_WARN_ABOUT_RETURN_TYPE = YES_ERROR;
				GCC_WARN_UNDECLARED_SELECTOR = YES;
				GCC_WARN_UNINITIALIZED_AUTOS = YES_AGGRESSIVE;
				GCC_WARN_UNUSED_FUNCTION = YES;
				GCC_WARN_UNUSED_VARIABLE = YES;
				IPHONEOS_DEPLOYMENT_TARGET = 14.0;
				MTL_ENABLE_DEBUG_INFO = NO;
				MTL_FAST_MATH = YES;
				SDKROOT = iphoneos;
				SWIFT_COMPILATION_MODE = wholemodule;
				SWIFT_OPTIMIZATION_LEVEL = "-O";
				VALIDATE_PRODUCT = YES;
			};
			name = Release;
		};
		7985564224C8476000544777 /* Debug */ = {
			isa = XCBuildConfiguration;
			buildSettings = {
				ASSETCATALOG_COMPILER_APPICON_NAME = AppIcon;
				ASSETCATALOG_COMPILER_GLOBAL_ACCENT_COLOR_NAME = AccentColor;
				CODE_SIGN_STYLE = Automatic;
				DEVELOPMENT_ASSET_PATHS = "\"Mileage Tracker/Preview Content\"";
				DEVELOPMENT_TEAM = L2BC5TCSR5;
				ENABLE_PREVIEWS = YES;
				INFOPLIST_FILE = "Mileage Tracker/Info.plist";
				IPHONEOS_DEPLOYMENT_TARGET = 14.0;
				LD_RUNPATH_SEARCH_PATHS = (
					"$(inherited)",
					"@executable_path/Frameworks",
				);
				PRODUCT_BUNDLE_IDENTIFIER = "com.garageminfinita.Mileage-Tracker";
				PRODUCT_NAME = "$(TARGET_NAME)";
				SWIFT_VERSION = 5.0;
				TARGETED_DEVICE_FAMILY = "1,2";
			};
			name = Debug;
		};
		7985564324C8476000544777 /* Release */ = {
			isa = XCBuildConfiguration;
			buildSettings = {
				ASSETCATALOG_COMPILER_APPICON_NAME = AppIcon;
				ASSETCATALOG_COMPILER_GLOBAL_ACCENT_COLOR_NAME = AccentColor;
				CODE_SIGN_STYLE = Automatic;
				DEVELOPMENT_ASSET_PATHS = "\"Mileage Tracker/Preview Content\"";
				DEVELOPMENT_TEAM = L2BC5TCSR5;
				ENABLE_PREVIEWS = YES;
				INFOPLIST_FILE = "Mileage Tracker/Info.plist";
				IPHONEOS_DEPLOYMENT_TARGET = 14.0;
				LD_RUNPATH_SEARCH_PATHS = (
					"$(inherited)",
					"@executable_path/Frameworks",
				);
				PRODUCT_BUNDLE_IDENTIFIER = "com.garageminfinita.Mileage-Tracker";
				PRODUCT_NAME = "$(TARGET_NAME)";
				SWIFT_VERSION = 5.0;
				TARGETED_DEVICE_FAMILY = "1,2";
			};
			name = Release;
		};
		7985564524C8476000544777 /* Debug */ = {
			isa = XCBuildConfiguration;
			buildSettings = {
				ALWAYS_EMBED_SWIFT_STANDARD_LIBRARIES = YES;
				BUNDLE_LOADER = "$(TEST_HOST)";
				CODE_SIGN_STYLE = Automatic;
				DEVELOPMENT_TEAM = L2BC5TCSR5;
				INFOPLIST_FILE = "Mileage TrackerTests/Info.plist";
				IPHONEOS_DEPLOYMENT_TARGET = 14.0;
				LD_RUNPATH_SEARCH_PATHS = (
					"$(inherited)",
					"@executable_path/Frameworks",
					"@loader_path/Frameworks",
				);
				PRODUCT_BUNDLE_IDENTIFIER = "com.garageminfinita.Mileage-TrackerTests";
				PRODUCT_NAME = "$(TARGET_NAME)";
				SWIFT_VERSION = 5.0;
				TARGETED_DEVICE_FAMILY = "1,2";
				TEST_HOST = "$(BUILT_PRODUCTS_DIR)/Mileage Tracker.app/Mileage Tracker";
			};
			name = Debug;
		};
		7985564624C8476000544777 /* Release */ = {
			isa = XCBuildConfiguration;
			buildSettings = {
				ALWAYS_EMBED_SWIFT_STANDARD_LIBRARIES = YES;
				BUNDLE_LOADER = "$(TEST_HOST)";
				CODE_SIGN_STYLE = Automatic;
				DEVELOPMENT_TEAM = L2BC5TCSR5;
				INFOPLIST_FILE = "Mileage TrackerTests/Info.plist";
				IPHONEOS_DEPLOYMENT_TARGET = 14.0;
				LD_RUNPATH_SEARCH_PATHS = (
					"$(inherited)",
					"@executable_path/Frameworks",
					"@loader_path/Frameworks",
				);
				PRODUCT_BUNDLE_IDENTIFIER = "com.garageminfinita.Mileage-TrackerTests";
				PRODUCT_NAME = "$(TARGET_NAME)";
				SWIFT_VERSION = 5.0;
				TARGETED_DEVICE_FAMILY = "1,2";
				TEST_HOST = "$(BUILT_PRODUCTS_DIR)/Mileage Tracker.app/Mileage Tracker";
			};
			name = Release;
		};
		7985564824C8476000544777 /* Debug */ = {
			isa = XCBuildConfiguration;
			buildSettings = {
				ALWAYS_EMBED_SWIFT_STANDARD_LIBRARIES = YES;
				CODE_SIGN_STYLE = Automatic;
				DEVELOPMENT_TEAM = L2BC5TCSR5;
				INFOPLIST_FILE = "Mileage TrackerUITests/Info.plist";
				LD_RUNPATH_SEARCH_PATHS = (
					"$(inherited)",
					"@executable_path/Frameworks",
					"@loader_path/Frameworks",
				);
				PRODUCT_BUNDLE_IDENTIFIER = "com.garageminfinita.Mileage-TrackerUITests";
				PRODUCT_NAME = "$(TARGET_NAME)";
				SWIFT_VERSION = 5.0;
				TARGETED_DEVICE_FAMILY = "1,2";
				TEST_TARGET_NAME = "Mileage Tracker";
			};
			name = Debug;
		};
		7985564924C8476000544777 /* Release */ = {
			isa = XCBuildConfiguration;
			buildSettings = {
				ALWAYS_EMBED_SWIFT_STANDARD_LIBRARIES = YES;
				CODE_SIGN_STYLE = Automatic;
				DEVELOPMENT_TEAM = L2BC5TCSR5;
				INFOPLIST_FILE = "Mileage TrackerUITests/Info.plist";
				LD_RUNPATH_SEARCH_PATHS = (
					"$(inherited)",
					"@executable_path/Frameworks",
					"@loader_path/Frameworks",
				);
				PRODUCT_BUNDLE_IDENTIFIER = "com.garageminfinita.Mileage-TrackerUITests";
				PRODUCT_NAME = "$(TARGET_NAME)";
				SWIFT_VERSION = 5.0;
				TARGETED_DEVICE_FAMILY = "1,2";
				TEST_TARGET_NAME = "Mileage Tracker";
			};
			name = Release;
		};
/* End XCBuildConfiguration section */

/* Begin XCConfigurationList section */
		7985561724C8475E00544777 /* Build configuration list for PBXProject "Mileage Tracker" */ = {
			isa = XCConfigurationList;
			buildConfigurations = (
				7985563F24C8476000544777 /* Debug */,
				7985564024C8476000544777 /* Release */,
			);
			defaultConfigurationIsVisible = 0;
			defaultConfigurationName = Release;
		};
		7985564124C8476000544777 /* Build configuration list for PBXNativeTarget "Mileage Tracker" */ = {
			isa = XCConfigurationList;
			buildConfigurations = (
				7985564224C8476000544777 /* Debug */,
				7985564324C8476000544777 /* Release */,
			);
			defaultConfigurationIsVisible = 0;
			defaultConfigurationName = Release;
		};
		7985564424C8476000544777 /* Build configuration list for PBXNativeTarget "Mileage TrackerTests" */ = {
			isa = XCConfigurationList;
			buildConfigurations = (
				7985564524C8476000544777 /* Debug */,
				7985564624C8476000544777 /* Release */,
			);
			defaultConfigurationIsVisible = 0;
			defaultConfigurationName = Release;
		};
		7985564724C8476000544777 /* Build configuration list for PBXNativeTarget "Mileage TrackerUITests" */ = {
			isa = XCConfigurationList;
			buildConfigurations = (
				7985564824C8476000544777 /* Debug */,
				7985564924C8476000544777 /* Release */,
			);
			defaultConfigurationIsVisible = 0;
			defaultConfigurationName = Release;
		};
/* End XCConfigurationList section */
	};
	rootObject = 7985561424C8475E00544777 /* Project object */;
}
