// !$*UTF8*$!
{
	archiveVersion = 1;
	classes = {
	};
	objectVersion = 54;
	objects = {

/* Begin PBXBuildFile section */
		7913788C25B1F24100871ECE /* Double+String.swift in Sources */ = {isa = PBXBuildFile; fileRef = 7913788B25B1F24100871ECE /* Double+String.swift */; };
		7913789B25B2030600871ECE /* OtherCostsView.swift in Sources */ = {isa = PBXBuildFile; fileRef = 7913789A25B2030600871ECE /* OtherCostsView.swift */; };
		791378A025B2032700871ECE /* OtherCosts.swift in Sources */ = {isa = PBXBuildFile; fileRef = 7913789F25B2032700871ECE /* OtherCosts.swift */; };
		791378A525B208C600871ECE /* AddCostView.swift in Sources */ = {isa = PBXBuildFile; fileRef = 791378A425B208C600871ECE /* AddCostView.swift */; };
		7913791A25B5FA2000871ECE /* SettingsView.swift in Sources */ = {isa = PBXBuildFile; fileRef = 7913791925B5FA1F00871ECE /* SettingsView.swift */; };
		793B7D7B260D370400ABB839 /* GraphicsView.swift in Sources */ = {isa = PBXBuildFile; fileRef = 793B7D7A260D370400ABB839 /* GraphicsView.swift */; };
		793B7D83260D474600ABB839 /* OnboardingView.swift in Sources */ = {isa = PBXBuildFile; fileRef = 793B7D82260D474600ABB839 /* OnboardingView.swift */; };
		793B7D88260D477700ABB839 /* OnboardingPage.swift in Sources */ = {isa = PBXBuildFile; fileRef = 793B7D87260D477700ABB839 /* OnboardingPage.swift */; };
		793B7D8D260E275F00ABB839 /* OnboardingRouter.swift in Sources */ = {isa = PBXBuildFile; fileRef = 793B7D8C260E275F00ABB839 /* OnboardingRouter.swift */; };
		793B7DD1260E540C00ABB839 /* TabBarIconView.swift in Sources */ = {isa = PBXBuildFile; fileRef = 793B7DD0260E540C00ABB839 /* TabBarIconView.swift */; };
		793B7DD9260E546200ABB839 /* ViewRouter.swift in Sources */ = {isa = PBXBuildFile; fileRef = 793B7DD8260E546200ABB839 /* ViewRouter.swift */; };
		794FD2FA28E338A90014593B /* Square.swift in Sources */ = {isa = PBXBuildFile; fileRef = 794FD2F928E338A90014593B /* Square.swift */; };
		7967C5F2260E668D00665DFC /* MainAppView.swift in Sources */ = {isa = PBXBuildFile; fileRef = 7967C5F1260E668D00665DFC /* MainAppView.swift */; };
		7968E707261209AB0089DEFD /* MileageTracker+Strings.swift in Sources */ = {isa = PBXBuildFile; fileRef = 7968E706261209AB0089DEFD /* MileageTracker+Strings.swift */; };
		796C48A42993D53200797FB7 /* Date+Formatter.swift in Sources */ = {isa = PBXBuildFile; fileRef = 796C48A32993D53200797FB7 /* Date+Formatter.swift */; };
		796C48A62993D55000797FB7 /* Refuel+FakeData.swift in Sources */ = {isa = PBXBuildFile; fileRef = 796C48A52993D55000797FB7 /* Refuel+FakeData.swift */; };
		796C48A82993D56500797FB7 /* OtherCost+FakeData.swift in Sources */ = {isa = PBXBuildFile; fileRef = 796C48A72993D56500797FB7 /* OtherCost+FakeData.swift */; };
		796C48AA2993D77400797FB7 /* AveragesBoard.swift in Sources */ = {isa = PBXBuildFile; fileRef = 796C48A92993D77400797FB7 /* AveragesBoard.swift */; };
		796C48AC2993E15400797FB7 /* Strings.swift in Sources */ = {isa = PBXBuildFile; fileRef = 796C48AB2993E15400797FB7 /* Strings.swift */; };
		796C48AE2994025100797FB7 /* MileageTracker+CSV.swift in Sources */ = {isa = PBXBuildFile; fileRef = 796C48AD2994025100797FB7 /* MileageTracker+CSV.swift */; };
		796C48B02994028600797FB7 /* MileageTracker+FakeData.swift in Sources */ = {isa = PBXBuildFile; fileRef = 796C48AF2994028600797FB7 /* MileageTracker+FakeData.swift */; };
		7985562024C8475E00544777 /* MileageTrackerApp.swift in Sources */ = {isa = PBXBuildFile; fileRef = 7985561F24C8475E00544777 /* MileageTrackerApp.swift */; };
		7985562224C8475E00544777 /* MileageView.swift in Sources */ = {isa = PBXBuildFile; fileRef = 7985562124C8475E00544777 /* MileageView.swift */; };
		7985562424C8476000544777 /* Assets.xcassets in Resources */ = {isa = PBXBuildFile; fileRef = 7985562324C8476000544777 /* Assets.xcassets */; };
		7985562724C8476000544777 /* Preview Assets.xcassets in Resources */ = {isa = PBXBuildFile; fileRef = 7985562624C8476000544777 /* Preview Assets.xcassets */; };
		7985563224C8476000544777 /* MileageTrackerTests.swift in Sources */ = {isa = PBXBuildFile; fileRef = 7985563124C8476000544777 /* MileageTrackerTests.swift */; };
		7985564B24C8478700544777 /* MileageTracker.swift in Sources */ = {isa = PBXBuildFile; fileRef = 7985564A24C8478700544777 /* MileageTracker.swift */; };
		7985564D24C84D8300544777 /* AddRefuel.swift in Sources */ = {isa = PBXBuildFile; fileRef = 7985564C24C84D8300544777 /* AddRefuel.swift */; };
		79881D2A260A48F400B3BC83 /* Color.xcassets in Resources */ = {isa = PBXBuildFile; fileRef = 79881D29260A48F400B3BC83 /* Color.xcassets */; };
		79A95202298BDCB00087344C /* EnumPicker.swift in Sources */ = {isa = PBXBuildFile; fileRef = 79A95201298BDCB00087344C /* EnumPicker.swift */; };
		79BA12F52611F9D800974F6D /* WelcomeOnboarding.swift in Sources */ = {isa = PBXBuildFile; fileRef = 79BA12F42611F9D800974F6D /* WelcomeOnboarding.swift */; };
		79BA12FA2611F9FB00974F6D /* NewFeatureOnboarding.swift in Sources */ = {isa = PBXBuildFile; fileRef = 79BA12F92611F9FB00974F6D /* NewFeatureOnboarding.swift */; };
		79BA12FF2611FA0F00974F6D /* SalesOnboarding.swift in Sources */ = {isa = PBXBuildFile; fileRef = 79BA12FE2611FA0F00974F6D /* SalesOnboarding.swift */; };
		79C7FAC528E49CE5007E4733 /* Extension Date Add + Subtract.swift in Sources */ = {isa = PBXBuildFile; fileRef = 79C7FAC428E49CE5007E4733 /* Extension Date Add + Subtract.swift */; };
		79D336DF260B92CC0034BA63 /* Loading.swift in Sources */ = {isa = PBXBuildFile; fileRef = 79D336DE260B92CB0034BA63 /* Loading.swift */; };
		79D336E4260BAA540034BA63 /* ShareSheet.swift in Sources */ = {isa = PBXBuildFile; fileRef = 79D336E3260BAA540034BA63 /* ShareSheet.swift */; };
		79DA782425AF1CEF009E0FFC /* RefuelModel.swift in Sources */ = {isa = PBXBuildFile; fileRef = 79DA782325AF1CEF009E0FFC /* RefuelModel.swift */; };
		79E4CAAD260CA0790061C9E0 /* Color-Themes.swift in Sources */ = {isa = PBXBuildFile; fileRef = 79E4CAAC260CA0790061C9E0 /* Color-Themes.swift */; };
		79E4CAD0260CE0800061C9E0 /* RefuelCardView.swift in Sources */ = {isa = PBXBuildFile; fileRef = 79E4CACF260CE0800061C9E0 /* RefuelCardView.swift */; };
		79E4CAE3260CE2210061C9E0 /* View+dateToString.swift in Sources */ = {isa = PBXBuildFile; fileRef = 79E4CAE2260CE2210061C9E0 /* View+dateToString.swift */; };
		79E4CAF3260CED900061C9E0 /* Theme Manager.swift in Sources */ = {isa = PBXBuildFile; fileRef = 79E4CAF2260CED900061C9E0 /* Theme Manager.swift */; };
		79ED3D7E260A138B00421881 /* UIDeviceExtension.swift in Sources */ = {isa = PBXBuildFile; fileRef = 79ED3D7D260A138B00421881 /* UIDeviceExtension.swift */; };
		79ED3D7F260A138B00421881 /* UIDeviceExtension.swift in Sources */ = {isa = PBXBuildFile; fileRef = 79ED3D7D260A138B00421881 /* UIDeviceExtension.swift */; };
		79ED3D92260A14B200421881 /* UIApplicationVersion.swift in Sources */ = {isa = PBXBuildFile; fileRef = 79ED3D91260A14B200421881 /* UIApplicationVersion.swift */; };
		79ED3D97260A1AC000421881 /* MailView.swift in Sources */ = {isa = PBXBuildFile; fileRef = 79ED3D96260A1AC000421881 /* MailView.swift */; };
		79FCD1C025F7D23A007F08FB /* English.strings in Resources */ = {isa = PBXBuildFile; fileRef = 79FCD1C225F7D23A007F08FB /* English.strings */; };
		79FCD1CB25F7D2C8007F08FB /* Portuguese.strings in Resources */ = {isa = PBXBuildFile; fileRef = 79FCD1CD25F7D2C8007F08FB /* Portuguese.strings */; };
/* End PBXBuildFile section */

/* Begin PBXContainerItemProxy section */
		7985562E24C8476000544777 /* PBXContainerItemProxy */ = {
			isa = PBXContainerItemProxy;
			containerPortal = 7985561424C8475E00544777 /* Project object */;
			proxyType = 1;
			remoteGlobalIDString = 7985561B24C8475E00544777;
			remoteInfo = "Mileage Tracker";
		};
/* End PBXContainerItemProxy section */

/* Begin PBXFileReference section */
		0EC7C05D3E3C27FD88B800B6 /* Pods-Mileage Tracker-Mileage TrackerUITests.release.xcconfig */ = {isa = PBXFileReference; includeInIndex = 1; lastKnownFileType = text.xcconfig; name = "Pods-Mileage Tracker-Mileage TrackerUITests.release.xcconfig"; path = "Target Support Files/Pods-Mileage Tracker-Mileage TrackerUITests/Pods-Mileage Tracker-Mileage TrackerUITests.release.xcconfig"; sourceTree = "<group>"; };
		13483CCC9135077EB39C4F7E /* Pods-Mileage Tracker.release.xcconfig */ = {isa = PBXFileReference; includeInIndex = 1; lastKnownFileType = text.xcconfig; name = "Pods-Mileage Tracker.release.xcconfig"; path = "Target Support Files/Pods-Mileage Tracker/Pods-Mileage Tracker.release.xcconfig"; sourceTree = "<group>"; };
		75EE23B03EB1AC05B833D8C7 /* Pods-Mileage Tracker.debug.xcconfig */ = {isa = PBXFileReference; includeInIndex = 1; lastKnownFileType = text.xcconfig; name = "Pods-Mileage Tracker.debug.xcconfig"; path = "Target Support Files/Pods-Mileage Tracker/Pods-Mileage Tracker.debug.xcconfig"; sourceTree = "<group>"; };
		7913788B25B1F24100871ECE /* Double+String.swift */ = {isa = PBXFileReference; lastKnownFileType = sourcecode.swift; path = "Double+String.swift"; sourceTree = "<group>"; };
		7913789A25B2030600871ECE /* OtherCostsView.swift */ = {isa = PBXFileReference; lastKnownFileType = sourcecode.swift; path = OtherCostsView.swift; sourceTree = "<group>"; };
		7913789F25B2032700871ECE /* OtherCosts.swift */ = {isa = PBXFileReference; lastKnownFileType = sourcecode.swift; path = OtherCosts.swift; sourceTree = "<group>"; };
		791378A425B208C600871ECE /* AddCostView.swift */ = {isa = PBXFileReference; lastKnownFileType = sourcecode.swift; path = AddCostView.swift; sourceTree = "<group>"; };
		7913791925B5FA1F00871ECE /* SettingsView.swift */ = {isa = PBXFileReference; lastKnownFileType = sourcecode.swift; path = SettingsView.swift; sourceTree = "<group>"; };
		793B7D7A260D370400ABB839 /* GraphicsView.swift */ = {isa = PBXFileReference; fileEncoding = 4; lastKnownFileType = sourcecode.swift; path = GraphicsView.swift; sourceTree = "<group>"; };
		793B7D82260D474600ABB839 /* OnboardingView.swift */ = {isa = PBXFileReference; lastKnownFileType = sourcecode.swift; path = OnboardingView.swift; sourceTree = "<group>"; };
		793B7D87260D477700ABB839 /* OnboardingPage.swift */ = {isa = PBXFileReference; lastKnownFileType = sourcecode.swift; path = OnboardingPage.swift; sourceTree = "<group>"; };
		793B7D8C260E275F00ABB839 /* OnboardingRouter.swift */ = {isa = PBXFileReference; lastKnownFileType = sourcecode.swift; path = OnboardingRouter.swift; sourceTree = "<group>"; };
		793B7DD0260E540C00ABB839 /* TabBarIconView.swift */ = {isa = PBXFileReference; lastKnownFileType = sourcecode.swift; path = TabBarIconView.swift; sourceTree = "<group>"; };
		793B7DD8260E546200ABB839 /* ViewRouter.swift */ = {isa = PBXFileReference; lastKnownFileType = sourcecode.swift; path = ViewRouter.swift; sourceTree = "<group>"; };
		794FD2F928E338A90014593B /* Square.swift */ = {isa = PBXFileReference; fileEncoding = 4; lastKnownFileType = sourcecode.swift; path = Square.swift; sourceTree = "<group>"; };
		7967C5F1260E668D00665DFC /* MainAppView.swift */ = {isa = PBXFileReference; lastKnownFileType = sourcecode.swift; path = MainAppView.swift; sourceTree = "<group>"; };
		7968E706261209AB0089DEFD /* MileageTracker+Strings.swift */ = {isa = PBXFileReference; lastKnownFileType = sourcecode.swift; path = "MileageTracker+Strings.swift"; sourceTree = "<group>"; };
		796C48A32993D53200797FB7 /* Date+Formatter.swift */ = {isa = PBXFileReference; lastKnownFileType = sourcecode.swift; path = "Date+Formatter.swift"; sourceTree = "<group>"; };
		796C48A52993D55000797FB7 /* Refuel+FakeData.swift */ = {isa = PBXFileReference; lastKnownFileType = sourcecode.swift; path = "Refuel+FakeData.swift"; sourceTree = "<group>"; };
		796C48A72993D56500797FB7 /* OtherCost+FakeData.swift */ = {isa = PBXFileReference; lastKnownFileType = sourcecode.swift; path = "OtherCost+FakeData.swift"; sourceTree = "<group>"; };
		796C48A92993D77400797FB7 /* AveragesBoard.swift */ = {isa = PBXFileReference; lastKnownFileType = sourcecode.swift; path = AveragesBoard.swift; sourceTree = "<group>"; };
		796C48AB2993E15400797FB7 /* Strings.swift */ = {isa = PBXFileReference; lastKnownFileType = sourcecode.swift; path = Strings.swift; sourceTree = "<group>"; };
		796C48AD2994025100797FB7 /* MileageTracker+CSV.swift */ = {isa = PBXFileReference; lastKnownFileType = sourcecode.swift; path = "MileageTracker+CSV.swift"; sourceTree = "<group>"; };
		796C48AF2994028600797FB7 /* MileageTracker+FakeData.swift */ = {isa = PBXFileReference; lastKnownFileType = sourcecode.swift; path = "MileageTracker+FakeData.swift"; sourceTree = "<group>"; };
		7985561C24C8475E00544777 /* Mileage Tracker.app */ = {isa = PBXFileReference; explicitFileType = wrapper.application; includeInIndex = 0; path = "Mileage Tracker.app"; sourceTree = BUILT_PRODUCTS_DIR; };
		7985561F24C8475E00544777 /* MileageTrackerApp.swift */ = {isa = PBXFileReference; lastKnownFileType = sourcecode.swift; path = MileageTrackerApp.swift; sourceTree = "<group>"; };
		7985562124C8475E00544777 /* MileageView.swift */ = {isa = PBXFileReference; lastKnownFileType = sourcecode.swift; path = MileageView.swift; sourceTree = "<group>"; };
		7985562324C8476000544777 /* Assets.xcassets */ = {isa = PBXFileReference; lastKnownFileType = folder.assetcatalog; path = Assets.xcassets; sourceTree = "<group>"; };
		7985562624C8476000544777 /* Preview Assets.xcassets */ = {isa = PBXFileReference; lastKnownFileType = folder.assetcatalog; path = "Preview Assets.xcassets"; sourceTree = "<group>"; };
		7985562824C8476000544777 /* Info.plist */ = {isa = PBXFileReference; lastKnownFileType = text.plist.xml; path = Info.plist; sourceTree = "<group>"; };
		7985562D24C8476000544777 /* Mileage TrackerTests.xctest */ = {isa = PBXFileReference; explicitFileType = wrapper.cfbundle; includeInIndex = 0; path = "Mileage TrackerTests.xctest"; sourceTree = BUILT_PRODUCTS_DIR; };
		7985563124C8476000544777 /* MileageTrackerTests.swift */ = {isa = PBXFileReference; lastKnownFileType = sourcecode.swift; path = MileageTrackerTests.swift; sourceTree = "<group>"; };
		7985563324C8476000544777 /* Info.plist */ = {isa = PBXFileReference; lastKnownFileType = text.plist.xml; path = Info.plist; sourceTree = "<group>"; };
		7985563C24C8476000544777 /* Mileage_TrackerUITests.swift */ = {isa = PBXFileReference; lastKnownFileType = sourcecode.swift; path = Mileage_TrackerUITests.swift; sourceTree = "<group>"; };
		7985563E24C8476000544777 /* Info.plist */ = {isa = PBXFileReference; lastKnownFileType = text.plist.xml; path = Info.plist; sourceTree = "<group>"; };
		7985564A24C8478700544777 /* MileageTracker.swift */ = {isa = PBXFileReference; lastKnownFileType = sourcecode.swift; path = MileageTracker.swift; sourceTree = "<group>"; };
		7985564C24C84D8300544777 /* AddRefuel.swift */ = {isa = PBXFileReference; lastKnownFileType = sourcecode.swift; path = AddRefuel.swift; sourceTree = "<group>"; };
		79881D29260A48F400B3BC83 /* Color.xcassets */ = {isa = PBXFileReference; lastKnownFileType = folder.assetcatalog; name = Color.xcassets; path = "Mileage Tracker/Color.xcassets"; sourceTree = SOURCE_ROOT; };
		79A95201298BDCB00087344C /* EnumPicker.swift */ = {isa = PBXFileReference; lastKnownFileType = sourcecode.swift; path = EnumPicker.swift; sourceTree = "<group>"; };
		79BA12F42611F9D800974F6D /* WelcomeOnboarding.swift */ = {isa = PBXFileReference; lastKnownFileType = sourcecode.swift; path = WelcomeOnboarding.swift; sourceTree = "<group>"; };
		79BA12F92611F9FB00974F6D /* NewFeatureOnboarding.swift */ = {isa = PBXFileReference; lastKnownFileType = sourcecode.swift; path = NewFeatureOnboarding.swift; sourceTree = "<group>"; };
		79BA12FE2611FA0F00974F6D /* SalesOnboarding.swift */ = {isa = PBXFileReference; lastKnownFileType = sourcecode.swift; path = SalesOnboarding.swift; sourceTree = "<group>"; };
		79C7FAC428E49CE5007E4733 /* Extension Date Add + Subtract.swift */ = {isa = PBXFileReference; lastKnownFileType = sourcecode.swift; path = "Extension Date Add + Subtract.swift"; sourceTree = "<group>"; };
		79D336DE260B92CB0034BA63 /* Loading.swift */ = {isa = PBXFileReference; fileEncoding = 4; lastKnownFileType = sourcecode.swift; path = Loading.swift; sourceTree = "<group>"; };
		79D336E3260BAA540034BA63 /* ShareSheet.swift */ = {isa = PBXFileReference; lastKnownFileType = sourcecode.swift; path = ShareSheet.swift; sourceTree = "<group>"; };
		79DA782325AF1CEF009E0FFC /* RefuelModel.swift */ = {isa = PBXFileReference; fileEncoding = 4; lastKnownFileType = sourcecode.swift; path = RefuelModel.swift; sourceTree = "<group>"; };
		79E4CAAC260CA0790061C9E0 /* Color-Themes.swift */ = {isa = PBXFileReference; lastKnownFileType = sourcecode.swift; path = "Color-Themes.swift"; sourceTree = "<group>"; };
		79E4CACF260CE0800061C9E0 /* RefuelCardView.swift */ = {isa = PBXFileReference; lastKnownFileType = sourcecode.swift; path = RefuelCardView.swift; sourceTree = "<group>"; };
		79E4CAE2260CE2210061C9E0 /* View+dateToString.swift */ = {isa = PBXFileReference; lastKnownFileType = sourcecode.swift; path = "View+dateToString.swift"; sourceTree = "<group>"; };
		79E4CAF2260CED900061C9E0 /* Theme Manager.swift */ = {isa = PBXFileReference; lastKnownFileType = sourcecode.swift; path = "Theme Manager.swift"; sourceTree = "<group>"; };
		79ED3D7D260A138B00421881 /* UIDeviceExtension.swift */ = {isa = PBXFileReference; lastKnownFileType = sourcecode.swift; path = UIDeviceExtension.swift; sourceTree = "<group>"; };
		79ED3D91260A14B200421881 /* UIApplicationVersion.swift */ = {isa = PBXFileReference; lastKnownFileType = sourcecode.swift; path = UIApplicationVersion.swift; sourceTree = "<group>"; };
		79ED3D96260A1AC000421881 /* MailView.swift */ = {isa = PBXFileReference; lastKnownFileType = sourcecode.swift; path = MailView.swift; sourceTree = "<group>"; };
		79FCD1C125F7D23A007F08FB /* en */ = {isa = PBXFileReference; lastKnownFileType = text.plist.strings; name = en; path = en.lproj/English.strings; sourceTree = "<group>"; };
		79FCD1CC25F7D2C8007F08FB /* pt-BR */ = {isa = PBXFileReference; lastKnownFileType = text.plist.strings; name = "pt-BR"; path = "pt-BR.lproj/Portuguese.strings"; sourceTree = "<group>"; };
		D77C5CC5F186E7E9390A1A02 /* Pods-Mileage Tracker-Mileage TrackerUITests.debug.xcconfig */ = {isa = PBXFileReference; includeInIndex = 1; lastKnownFileType = text.xcconfig; name = "Pods-Mileage Tracker-Mileage TrackerUITests.debug.xcconfig"; path = "Target Support Files/Pods-Mileage Tracker-Mileage TrackerUITests/Pods-Mileage Tracker-Mileage TrackerUITests.debug.xcconfig"; sourceTree = "<group>"; };
/* End PBXFileReference section */

/* Begin PBXFrameworksBuildPhase section */
		7985561924C8475E00544777 /* Frameworks */ = {
			isa = PBXFrameworksBuildPhase;
			buildActionMask = 2147483647;
			files = (
			);
			runOnlyForDeploymentPostprocessing = 0;
		};
		7985562A24C8476000544777 /* Frameworks */ = {
			isa = PBXFrameworksBuildPhase;
			buildActionMask = 2147483647;
			files = (
			);
			runOnlyForDeploymentPostprocessing = 0;
		};
/* End PBXFrameworksBuildPhase section */

/* Begin PBXGroup section */
		3BA2A3BEECD207DD59C4A5CA /* Pods */ = {
			isa = PBXGroup;
			children = (
				75EE23B03EB1AC05B833D8C7 /* Pods-Mileage Tracker.debug.xcconfig */,
				13483CCC9135077EB39C4F7E /* Pods-Mileage Tracker.release.xcconfig */,
				D77C5CC5F186E7E9390A1A02 /* Pods-Mileage Tracker-Mileage TrackerUITests.debug.xcconfig */,
				0EC7C05D3E3C27FD88B800B6 /* Pods-Mileage Tracker-Mileage TrackerUITests.release.xcconfig */,
			);
			path = Pods;
			sourceTree = "<group>";
		};
		7913789325B1F29500871ECE /* Extensions */ = {
			isa = PBXGroup;
			children = (
				79C7FAC428E49CE5007E4733 /* Extension Date Add + Subtract.swift */,
				79E4CAAC260CA0790061C9E0 /* Color-Themes.swift */,
				79ED3D7D260A138B00421881 /* UIDeviceExtension.swift */,
				79ED3D91260A14B200421881 /* UIApplicationVersion.swift */,
				79E4CAE2260CE2210061C9E0 /* View+dateToString.swift */,
				7913788B25B1F24100871ECE /* Double+String.swift */,
				796C48A32993D53200797FB7 /* Date+Formatter.swift */,
			);
			path = Extensions;
			sourceTree = "<group>";
		};
		7925077625EA639B007315ED /* ViewModel */ = {
			isa = PBXGroup;
			children = (
				793B7DD8260E546200ABB839 /* ViewRouter.swift */,
				793B7D8C260E275F00ABB839 /* OnboardingRouter.swift */,
				79E4CAF2260CED900061C9E0 /* Theme Manager.swift */,
				7985564A24C8478700544777 /* MileageTracker.swift */,
				7968E706261209AB0089DEFD /* MileageTracker+Strings.swift */,
				796C48AD2994025100797FB7 /* MileageTracker+CSV.swift */,
				796C48AF2994028600797FB7 /* MileageTracker+FakeData.swift */,
			);
			path = ViewModel;
			sourceTree = "<group>";
		};
		793B7D72260D36B500ABB839 /* AddObjectViews */ = {
			isa = PBXGroup;
			children = (
				7985564C24C84D8300544777 /* AddRefuel.swift */,
				791378A425B208C600871ECE /* AddCostView.swift */,
			);
			path = AddObjectViews;
			sourceTree = "<group>";
		};
		793B7D76260D36C800ABB839 /* Main Tab Views */ = {
			isa = PBXGroup;
			children = (
				7967C5F1260E668D00665DFC /* MainAppView.swift */,
				7985562124C8475E00544777 /* MileageView.swift */,
				793B7D7A260D370400ABB839 /* GraphicsView.swift */,
				7913789A25B2030600871ECE /* OtherCostsView.swift */,
				7913791925B5FA1F00871ECE /* SettingsView.swift */,
			);
			path = "Main Tab Views";
			sourceTree = "<group>";
		};
		7985561324C8475E00544777 = {
			isa = PBXGroup;
			children = (
				7985561E24C8475E00544777 /* Mileage Tracker */,
				7985563024C8476000544777 /* Mileage TrackerTests */,
				7985563B24C8476000544777 /* Mileage TrackerUITests */,
				7985561D24C8475E00544777 /* Products */,
				3BA2A3BEECD207DD59C4A5CA /* Pods */,
				BB24F1B0F12057A725F381E7 /* Frameworks */,
			);
			sourceTree = "<group>";
		};
		7985561D24C8475E00544777 /* Products */ = {
			isa = PBXGroup;
			children = (
				7985561C24C8475E00544777 /* Mileage Tracker.app */,
				7985562D24C8476000544777 /* Mileage TrackerTests.xctest */,
			);
			name = Products;
			sourceTree = "<group>";
		};
		7985561E24C8475E00544777 /* Mileage Tracker */ = {
			isa = PBXGroup;
			children = (
				7985562824C8476000544777 /* Info.plist */,
				7985561F24C8475E00544777 /* MileageTrackerApp.swift */,
				79D336DE260B92CB0034BA63 /* Loading.swift */,
				7985564F24C8609000544777 /* View */,
				7925077625EA639B007315ED /* ViewModel */,
				7985564E24C8608800544777 /* Model */,
				7913789325B1F29500871ECE /* Extensions */,
				79FCD1BF25F7D216007F08FB /* Localization */,
				7985562324C8476000544777 /* Assets.xcassets */,
				79881D29260A48F400B3BC83 /* Color.xcassets */,
				7985562524C8476000544777 /* Preview Content */,
			);
			path = "Mileage Tracker";
			sourceTree = "<group>";
		};
		7985562524C8476000544777 /* Preview Content */ = {
			isa = PBXGroup;
			children = (
				7985562624C8476000544777 /* Preview Assets.xcassets */,
			);
			path = "Preview Content";
			sourceTree = "<group>";
		};
		7985563024C8476000544777 /* Mileage TrackerTests */ = {
			isa = PBXGroup;
			children = (
				7985563124C8476000544777 /* MileageTrackerTests.swift */,
				7985563324C8476000544777 /* Info.plist */,
			);
			path = "Mileage TrackerTests";
			sourceTree = "<group>";
		};
		7985563B24C8476000544777 /* Mileage TrackerUITests */ = {
			isa = PBXGroup;
			children = (
				7985563C24C8476000544777 /* Mileage_TrackerUITests.swift */,
				7985563E24C8476000544777 /* Info.plist */,
			);
			path = "Mileage TrackerUITests";
			sourceTree = "<group>";
		};
		7985564E24C8608800544777 /* Model */ = {
			isa = PBXGroup;
			children = (
				79DA782325AF1CEF009E0FFC /* RefuelModel.swift */,
				7913789F25B2032700871ECE /* OtherCosts.swift */,
				796C48A52993D55000797FB7 /* Refuel+FakeData.swift */,
				796C48A72993D56500797FB7 /* OtherCost+FakeData.swift */,
			);
			path = Model;
			sourceTree = "<group>";
		};
		7985564F24C8609000544777 /* View */ = {
			isa = PBXGroup;
			children = (
				793B7D76260D36C800ABB839 /* Main Tab Views */,
				793B7D72260D36B500ABB839 /* AddObjectViews */,
				79BA12ED2611F6AB00974F6D /* Onboarding */,
				79E4CAC6260CDFFE0061C9E0 /* Helper Views */,
			);
			path = View;
			sourceTree = "<group>";
		};
		79BA12ED2611F6AB00974F6D /* Onboarding */ = {
			isa = PBXGroup;
			children = (
				793B7D82260D474600ABB839 /* OnboardingView.swift */,
				793B7D87260D477700ABB839 /* OnboardingPage.swift */,
				79BA12F42611F9D800974F6D /* WelcomeOnboarding.swift */,
				79BA12F92611F9FB00974F6D /* NewFeatureOnboarding.swift */,
				79BA12FE2611FA0F00974F6D /* SalesOnboarding.swift */,
			);
			path = Onboarding;
			sourceTree = "<group>";
		};
		79E4CAC6260CDFFE0061C9E0 /* Helper Views */ = {
			isa = PBXGroup;
			children = (
				793B7DD0260E540C00ABB839 /* TabBarIconView.swift */,
				79E4CACF260CE0800061C9E0 /* RefuelCardView.swift */,
				796C48A92993D77400797FB7 /* AveragesBoard.swift */,
				794FD2F928E338A90014593B /* Square.swift */,
				79ED3D96260A1AC000421881 /* MailView.swift */,
				79D336E3260BAA540034BA63 /* ShareSheet.swift */,
				79A95201298BDCB00087344C /* EnumPicker.swift */,
			);
			path = "Helper Views";
			sourceTree = "<group>";
		};
		79FCD1BF25F7D216007F08FB /* Localization */ = {
			isa = PBXGroup;
			children = (
				79FCD1C225F7D23A007F08FB /* English.strings */,
				79FCD1CD25F7D2C8007F08FB /* Portuguese.strings */,
				796C48AB2993E15400797FB7 /* Strings.swift */,
			);
			path = Localization;
			sourceTree = "<group>";
		};
		BB24F1B0F12057A725F381E7 /* Frameworks */ = {
			isa = PBXGroup;
			children = (
			);
			name = Frameworks;
			sourceTree = "<group>";
		};
/* End PBXGroup section */

/* Begin PBXNativeTarget section */
		7985561B24C8475E00544777 /* Mileage Tracker */ = {
			isa = PBXNativeTarget;
			buildConfigurationList = 7985564124C8476000544777 /* Build configuration list for PBXNativeTarget "Mileage Tracker" */;
			buildPhases = (
				59DC9A6DEB97CD62A652D124 /* [CP] Check Pods Manifest.lock */,
				7985561824C8475E00544777 /* Sources */,
				7985561924C8475E00544777 /* Frameworks */,
				7985561A24C8475E00544777 /* Resources */,
				79ED3D52260A08A300421881 /* ShellScript */,
			);
			buildRules = (
			);
			dependencies = (
			);
			name = "Mileage Tracker";
			productName = "Mileage Tracker";
			productReference = 7985561C24C8475E00544777 /* Mileage Tracker.app */;
			productType = "com.apple.product-type.application";
		};
		7985562C24C8476000544777 /* Mileage TrackerTests */ = {
			isa = PBXNativeTarget;
			buildConfigurationList = 7985564424C8476000544777 /* Build configuration list for PBXNativeTarget "Mileage TrackerTests" */;
			buildPhases = (
				7985562924C8476000544777 /* Sources */,
				7985562A24C8476000544777 /* Frameworks */,
				7985562B24C8476000544777 /* Resources */,
			);
			buildRules = (
			);
			dependencies = (
				7985562F24C8476000544777 /* PBXTargetDependency */,
			);
			name = "Mileage TrackerTests";
			productName = "Mileage TrackerTests";
			productReference = 7985562D24C8476000544777 /* Mileage TrackerTests.xctest */;
			productType = "com.apple.product-type.bundle.unit-test";
		};
/* End PBXNativeTarget section */

/* Begin PBXProject section */
		7985561424C8475E00544777 /* Project object */ = {
			isa = PBXProject;
			attributes = {
				LastSwiftUpdateCheck = 1200;
				LastUpgradeCheck = 1240;
				TargetAttributes = {
					7985561B24C8475E00544777 = {
						CreatedOnToolsVersion = 12.0;
					};
					7985562C24C8476000544777 = {
						CreatedOnToolsVersion = 12.0;
						TestTargetID = 7985561B24C8475E00544777;
					};
				};
			};
			buildConfigurationList = 7985561724C8475E00544777 /* Build configuration list for PBXProject "Mileage Tracker" */;
			compatibilityVersion = "Xcode 9.3";
			developmentRegion = en;
			hasScannedForEncodings = 0;
			knownRegions = (
				en,
				Base,
				"pt-BR",
			);
			mainGroup = 7985561324C8475E00544777;
			productRefGroup = 7985561D24C8475E00544777 /* Products */;
			projectDirPath = "";
			projectRoot = "";
			targets = (
				7985561B24C8475E00544777 /* Mileage Tracker */,
				7985562C24C8476000544777 /* Mileage TrackerTests */,
			);
		};
/* End PBXProject section */

/* Begin PBXResourcesBuildPhase section */
		7985561A24C8475E00544777 /* Resources */ = {
			isa = PBXResourcesBuildPhase;
			buildActionMask = 2147483647;
			files = (
				7985562724C8476000544777 /* Preview Assets.xcassets in Resources */,
				79FCD1CB25F7D2C8007F08FB /* Portuguese.strings in Resources */,
				79881D2A260A48F400B3BC83 /* Color.xcassets in Resources */,
				79FCD1C025F7D23A007F08FB /* English.strings in Resources */,
				7985562424C8476000544777 /* Assets.xcassets in Resources */,
			);
			runOnlyForDeploymentPostprocessing = 0;
		};
		7985562B24C8476000544777 /* Resources */ = {
			isa = PBXResourcesBuildPhase;
			buildActionMask = 2147483647;
			files = (
			);
			runOnlyForDeploymentPostprocessing = 0;
		};
/* End PBXResourcesBuildPhase section */

/* Begin PBXShellScriptBuildPhase section */
		59DC9A6DEB97CD62A652D124 /* [CP] Check Pods Manifest.lock */ = {
			isa = PBXShellScriptBuildPhase;
			buildActionMask = 2147483647;
			files = (
			);
			inputFileListPaths = (
			);
			inputPaths = (
				"${PODS_PODFILE_DIR_PATH}/Podfile.lock",
				"${PODS_ROOT}/Manifest.lock",
			);
			name = "[CP] Check Pods Manifest.lock";
			outputFileListPaths = (
			);
			outputPaths = (
				"$(DERIVED_FILE_DIR)/Pods-Mileage Tracker-checkManifestLockResult.txt",
			);
			runOnlyForDeploymentPostprocessing = 0;
			shellPath = /bin/sh;
			shellScript = "diff \"${PODS_PODFILE_DIR_PATH}/Podfile.lock\" \"${PODS_ROOT}/Manifest.lock\" > /dev/null\nif [ $? != 0 ] ; then\n    # print error to STDERR\n    echo \"error: The sandbox is not in sync with the Podfile.lock. Run 'pod install' or update your CocoaPods installation.\" >&2\n    exit 1\nfi\n# This output is used by Xcode 'outputs' to avoid re-running this script phase.\necho \"SUCCESS\" > \"${SCRIPT_OUTPUT_FILE_0}\"\n";
			showEnvVarsInLog = 0;
		};
		79ED3D52260A08A300421881 /* ShellScript */ = {
			isa = PBXShellScriptBuildPhase;
			alwaysOutOfDate = 1;
			buildActionMask = 2147483647;
			files = (
			);
			inputFileListPaths = (
			);
			inputPaths = (
			);
			outputFileListPaths = (
			);
			outputPaths = (
			);
			runOnlyForDeploymentPostprocessing = 0;
			shellPath = /bin/sh;
			shellScript = "if which swiftlint >/dev/null; then\n  swiftlint\nelse\n  echo \"warning: SwiftLint not installed, download from https://github.com/realm/SwiftLint\"\nfi\n";
		};
/* End PBXShellScriptBuildPhase section */

/* Begin PBXSourcesBuildPhase section */
		7985561824C8475E00544777 /* Sources */ = {
			isa = PBXSourcesBuildPhase;
			buildActionMask = 2147483647;
			files = (
				791378A025B2032700871ECE /* OtherCosts.swift in Sources */,
				79E4CAAD260CA0790061C9E0 /* Color-Themes.swift in Sources */,
				79C7FAC528E49CE5007E4733 /* Extension Date Add + Subtract.swift in Sources */,
				79BA12FF2611FA0F00974F6D /* SalesOnboarding.swift in Sources */,
				796C48A62993D55000797FB7 /* Refuel+FakeData.swift in Sources */,
				793B7D83260D474600ABB839 /* OnboardingView.swift in Sources */,
				79A95202298BDCB00087344C /* EnumPicker.swift in Sources */,
				79D336DF260B92CC0034BA63 /* Loading.swift in Sources */,
				79E4CAE3260CE2210061C9E0 /* View+dateToString.swift in Sources */,
				7968E707261209AB0089DEFD /* MileageTracker+Strings.swift in Sources */,
				79ED3D92260A14B200421881 /* UIApplicationVersion.swift in Sources */,
				793B7D8D260E275F00ABB839 /* OnboardingRouter.swift in Sources */,
				79E4CAF3260CED900061C9E0 /* Theme Manager.swift in Sources */,
				793B7DD1260E540C00ABB839 /* TabBarIconView.swift in Sources */,
				79ED3D97260A1AC000421881 /* MailView.swift in Sources */,
				7967C5F2260E668D00665DFC /* MainAppView.swift in Sources */,
				793B7D7B260D370400ABB839 /* GraphicsView.swift in Sources */,
				793B7DD9260E546200ABB839 /* ViewRouter.swift in Sources */,
				79BA12F52611F9D800974F6D /* WelcomeOnboarding.swift in Sources */,
				79DA782425AF1CEF009E0FFC /* RefuelModel.swift in Sources */,
				796C48B02994028600797FB7 /* MileageTracker+FakeData.swift in Sources */,
				79BA12FA2611F9FB00974F6D /* NewFeatureOnboarding.swift in Sources */,
				7985564B24C8478700544777 /* MileageTracker.swift in Sources */,
				794FD2FA28E338A90014593B /* Square.swift in Sources */,
				796C48AE2994025100797FB7 /* MileageTracker+CSV.swift in Sources */,
				796C48A42993D53200797FB7 /* Date+Formatter.swift in Sources */,
				796C48AC2993E15400797FB7 /* Strings.swift in Sources */,
				7913789B25B2030600871ECE /* OtherCostsView.swift in Sources */,
				793B7D88260D477700ABB839 /* OnboardingPage.swift in Sources */,
				796C48A82993D56500797FB7 /* OtherCost+FakeData.swift in Sources */,
				7985562224C8475E00544777 /* MileageView.swift in Sources */,
				79D336E4260BAA540034BA63 /* ShareSheet.swift in Sources */,
				7913791A25B5FA2000871ECE /* SettingsView.swift in Sources */,
				7985564D24C84D8300544777 /* AddRefuel.swift in Sources */,
				7985562024C8475E00544777 /* MileageTrackerApp.swift in Sources */,
				79E4CAD0260CE0800061C9E0 /* RefuelCardView.swift in Sources */,
				796C48AA2993D77400797FB7 /* AveragesBoard.swift in Sources */,
				7913788C25B1F24100871ECE /* Double+String.swift in Sources */,
				791378A525B208C600871ECE /* AddCostView.swift in Sources */,
				79ED3D7E260A138B00421881 /* UIDeviceExtension.swift in Sources */,
			);
			runOnlyForDeploymentPostprocessing = 0;
		};
		7985562924C8476000544777 /* Sources */ = {
			isa = PBXSourcesBuildPhase;
			buildActionMask = 2147483647;
			files = (
				79ED3D7F260A138B00421881 /* UIDeviceExtension.swift in Sources */,
				7985563224C8476000544777 /* MileageTrackerTests.swift in Sources */,
			);
			runOnlyForDeploymentPostprocessing = 0;
		};
/* End PBXSourcesBuildPhase section */

/* Begin PBXTargetDependency section */
		7985562F24C8476000544777 /* PBXTargetDependency */ = {
			isa = PBXTargetDependency;
			target = 7985561B24C8475E00544777 /* Mileage Tracker */;
			targetProxy = 7985562E24C8476000544777 /* PBXContainerItemProxy */;
		};
/* End PBXTargetDependency section */

/* Begin PBXVariantGroup section */
		79FCD1C225F7D23A007F08FB /* English.strings */ = {
			isa = PBXVariantGroup;
			children = (
				79FCD1C125F7D23A007F08FB /* en */,
			);
			name = English.strings;
			sourceTree = "<group>";
		};
		79FCD1CD25F7D2C8007F08FB /* Portuguese.strings */ = {
			isa = PBXVariantGroup;
			children = (
				79FCD1CC25F7D2C8007F08FB /* pt-BR */,
			);
			name = Portuguese.strings;
			sourceTree = "<group>";
		};
/* End PBXVariantGroup section */

/* Begin XCBuildConfiguration section */
		7985563F24C8476000544777 /* Debug */ = {
			isa = XCBuildConfiguration;
			buildSettings = {
				ALWAYS_SEARCH_USER_PATHS = NO;
				CLANG_ANALYZER_LOCALIZABILITY_NONLOCALIZED = YES;
				CLANG_ANALYZER_NONNULL = YES;
				CLANG_ANALYZER_NUMBER_OBJECT_CONVERSION = YES_AGGRESSIVE;
				CLANG_CXX_LANGUAGE_STANDARD = "gnu++14";
				CLANG_CXX_LIBRARY = "libc++";
				CLANG_ENABLE_MODULES = YES;
				CLANG_ENABLE_OBJC_ARC = YES;
				CLANG_ENABLE_OBJC_WEAK = YES;
				CLANG_WARN_BLOCK_CAPTURE_AUTORELEASING = YES;
				CLANG_WARN_BOOL_CONVERSION = YES;
				CLANG_WARN_COMMA = YES;
				CLANG_WARN_CONSTANT_CONVERSION = YES;
				CLANG_WARN_DEPRECATED_OBJC_IMPLEMENTATIONS = YES;
				CLANG_WARN_DIRECT_OBJC_ISA_USAGE = YES_ERROR;
				CLANG_WARN_DOCUMENTATION_COMMENTS = YES;
				CLANG_WARN_EMPTY_BODY = YES;
				CLANG_WARN_ENUM_CONVERSION = YES;
				CLANG_WARN_INFINITE_RECURSION = YES;
				CLANG_WARN_INT_CONVERSION = YES;
				CLANG_WARN_NON_LITERAL_NULL_CONVERSION = YES;
				CLANG_WARN_OBJC_IMPLICIT_RETAIN_SELF = YES;
				CLANG_WARN_OBJC_LITERAL_CONVERSION = YES;
				CLANG_WARN_OBJC_ROOT_CLASS = YES_ERROR;
				CLANG_WARN_QUOTED_INCLUDE_IN_FRAMEWORK_HEADER = YES;
				CLANG_WARN_RANGE_LOOP_ANALYSIS = YES;
				CLANG_WARN_STRICT_PROTOTYPES = YES;
				CLANG_WARN_SUSPICIOUS_MOVE = YES;
				CLANG_WARN_UNGUARDED_AVAILABILITY = YES_AGGRESSIVE;
				CLANG_WARN_UNREACHABLE_CODE = YES;
				CLANG_WARN__DUPLICATE_METHOD_MATCH = YES;
				COPY_PHASE_STRIP = NO;
				DEBUG_INFORMATION_FORMAT = dwarf;
				ENABLE_STRICT_OBJC_MSGSEND = YES;
				ENABLE_TESTABILITY = YES;
				GCC_C_LANGUAGE_STANDARD = gnu11;
				GCC_DYNAMIC_NO_PIC = NO;
				GCC_NO_COMMON_BLOCKS = YES;
				GCC_OPTIMIZATION_LEVEL = 0;
				GCC_PREPROCESSOR_DEFINITIONS = (
					"DEBUG=1",
					"$(inherited)",
				);
				GCC_WARN_64_TO_32_BIT_CONVERSION = YES;
				GCC_WARN_ABOUT_RETURN_TYPE = YES_ERROR;
				GCC_WARN_UNDECLARED_SELECTOR = YES;
				GCC_WARN_UNINITIALIZED_AUTOS = YES_AGGRESSIVE;
				GCC_WARN_UNUSED_FUNCTION = YES;
				GCC_WARN_UNUSED_VARIABLE = YES;
				IPHONEOS_DEPLOYMENT_TARGET = 14.0;
				MTL_ENABLE_DEBUG_INFO = INCLUDE_SOURCE;
				MTL_FAST_MATH = YES;
				ONLY_ACTIVE_ARCH = YES;
				SDKROOT = iphoneos;
				SWIFT_ACTIVE_COMPILATION_CONDITIONS = DEBUG;
				SWIFT_OPTIMIZATION_LEVEL = "-Onone";
			};
			name = Debug;
		};
		7985564024C8476000544777 /* Release */ = {
			isa = XCBuildConfiguration;
			buildSettings = {
				ALWAYS_SEARCH_USER_PATHS = NO;
				CLANG_ANALYZER_LOCALIZABILITY_NONLOCALIZED = YES;
				CLANG_ANALYZER_NONNULL = YES;
				CLANG_ANALYZER_NUMBER_OBJECT_CONVERSION = YES_AGGRESSIVE;
				CLANG_CXX_LANGUAGE_STANDARD = "gnu++14";
				CLANG_CXX_LIBRARY = "libc++";
				CLANG_ENABLE_MODULES = YES;
				CLANG_ENABLE_OBJC_ARC = YES;
				CLANG_ENABLE_OBJC_WEAK = YES;
				CLANG_WARN_BLOCK_CAPTURE_AUTORELEASING = YES;
				CLANG_WARN_BOOL_CONVERSION = YES;
				CLANG_WARN_COMMA = YES;
				CLANG_WARN_CONSTANT_CONVERSION = YES;
				CLANG_WARN_DEPRECATED_OBJC_IMPLEMENTATIONS = YES;
				CLANG_WARN_DIRECT_OBJC_ISA_USAGE = YES_ERROR;
				CLANG_WARN_DOCUMENTATION_COMMENTS = YES;
				CLANG_WARN_EMPTY_BODY = YES;
				CLANG_WARN_ENUM_CONVERSION = YES;
				CLANG_WARN_INFINITE_RECURSION = YES;
				CLANG_WARN_INT_CONVERSION = YES;
				CLANG_WARN_NON_LITERAL_NULL_CONVERSION = YES;
				CLANG_WARN_OBJC_IMPLICIT_RETAIN_SELF = YES;
				CLANG_WARN_OBJC_LITERAL_CONVERSION = YES;
				CLANG_WARN_OBJC_ROOT_CLASS = YES_ERROR;
				CLANG_WARN_QUOTED_INCLUDE_IN_FRAMEWORK_HEADER = YES;
				CLANG_WARN_RANGE_LOOP_ANALYSIS = YES;
				CLANG_WARN_STRICT_PROTOTYPES = YES;
				CLANG_WARN_SUSPICIOUS_MOVE = YES;
				CLANG_WARN_UNGUARDED_AVAILABILITY = YES_AGGRESSIVE;
				CLANG_WARN_UNREACHABLE_CODE = YES;
				CLANG_WARN__DUPLICATE_METHOD_MATCH = YES;
				COPY_PHASE_STRIP = NO;
				DEBUG_INFORMATION_FORMAT = "dwarf-with-dsym";
				ENABLE_NS_ASSERTIONS = NO;
				ENABLE_STRICT_OBJC_MSGSEND = YES;
				GCC_C_LANGUAGE_STANDARD = gnu11;
				GCC_NO_COMMON_BLOCKS = YES;
				GCC_WARN_64_TO_32_BIT_CONVERSION = YES;
				GCC_WARN_ABOUT_RETURN_TYPE = YES_ERROR;
				GCC_WARN_UNDECLARED_SELECTOR = YES;
				GCC_WARN_UNINITIALIZED_AUTOS = YES_AGGRESSIVE;
				GCC_WARN_UNUSED_FUNCTION = YES;
				GCC_WARN_UNUSED_VARIABLE = YES;
				IPHONEOS_DEPLOYMENT_TARGET = 14.0;
				MTL_ENABLE_DEBUG_INFO = NO;
				MTL_FAST_MATH = YES;
				SDKROOT = iphoneos;
				SWIFT_COMPILATION_MODE = wholemodule;
				SWIFT_OPTIMIZATION_LEVEL = "-O";
				VALIDATE_PRODUCT = YES;
			};
			name = Release;
		};
		7985564224C8476000544777 /* Debug */ = {
			isa = XCBuildConfiguration;
			baseConfigurationReference = 75EE23B03EB1AC05B833D8C7 /* Pods-Mileage Tracker.debug.xcconfig */;
			buildSettings = {
				ASSETCATALOG_COMPILER_APPICON_NAME = AppIcon;
				ASSETCATALOG_COMPILER_GLOBAL_ACCENT_COLOR_NAME = AccentColor;
				CODE_SIGN_STYLE = Automatic;
				DEVELOPMENT_ASSET_PATHS = "\"Mileage Tracker/Preview Content\"";
				DEVELOPMENT_TEAM = L2BC5TCSR5;
				ENABLE_PREVIEWS = YES;
				INFOPLIST_FILE = "Mileage Tracker/Info.plist";
				INFOPLIST_KEY_LSApplicationCategoryType = "public.app-category.utilities";
				IPHONEOS_DEPLOYMENT_TARGET = 16.0;
				LD_RUNPATH_SEARCH_PATHS = (
					"$(inherited)",
					"@executable_path/Frameworks",
				);
				MARKETING_VERSION = 1.0;
				PRODUCT_BUNDLE_IDENTIFIER = "com.garageminfinita.Mileage-Tracker";
				PRODUCT_NAME = "$(TARGET_NAME)";
				SUPPORTED_PLATFORMS = "iphoneos iphonesimulator";
				SUPPORTS_MACCATALYST = NO;
				SUPPORTS_MAC_DESIGNED_FOR_IPHONE_IPAD = NO;
				SWIFT_VERSION = 5.0;
				TARGETED_DEVICE_FAMILY = 1;
			};
			name = Debug;
		};
		7985564324C8476000544777 /* Release */ = {
			isa = XCBuildConfiguration;
			baseConfigurationReference = 13483CCC9135077EB39C4F7E /* Pods-Mileage Tracker.release.xcconfig */;
			buildSettings = {
				ASSETCATALOG_COMPILER_APPICON_NAME = AppIcon;
				ASSETCATALOG_COMPILER_GLOBAL_ACCENT_COLOR_NAME = AccentColor;
				CODE_SIGN_STYLE = Automatic;
				DEVELOPMENT_ASSET_PATHS = "\"Mileage Tracker/Preview Content\"";
				DEVELOPMENT_TEAM = L2BC5TCSR5;
				ENABLE_PREVIEWS = YES;
				INFOPLIST_FILE = "Mileage Tracker/Info.plist";
				INFOPLIST_KEY_LSApplicationCategoryType = "public.app-category.utilities";
				IPHONEOS_DEPLOYMENT_TARGET = 16.0;
				LD_RUNPATH_SEARCH_PATHS = (
					"$(inherited)",
					"@executable_path/Frameworks",
				);
				MARKETING_VERSION = 1.0;
				PRODUCT_BUNDLE_IDENTIFIER = "com.garageminfinita.Mileage-Tracker";
				PRODUCT_NAME = "$(TARGET_NAME)";
				SUPPORTED_PLATFORMS = "iphoneos iphonesimulator";
				SUPPORTS_MACCATALYST = NO;
				SUPPORTS_MAC_DESIGNED_FOR_IPHONE_IPAD = NO;
				SWIFT_VERSION = 5.0;
				TARGETED_DEVICE_FAMILY = 1;
			};
			name = Release;
		};
		7985564524C8476000544777 /* Debug */ = {
			isa = XCBuildConfiguration;
			buildSettings = {
				ALWAYS_EMBED_SWIFT_STANDARD_LIBRARIES = YES;
				BUNDLE_LOADER = "$(TEST_HOST)";
				CODE_SIGN_STYLE = Automatic;
				DEVELOPMENT_TEAM = L2BC5TCSR5;
				INFOPLIST_FILE = "Mileage TrackerTests/Info.plist";
				IPHONEOS_DEPLOYMENT_TARGET = 14.0;
				LD_RUNPATH_SEARCH_PATHS = (
					"$(inherited)",
					"@executable_path/Frameworks",
					"@loader_path/Frameworks",
				);
				PRODUCT_BUNDLE_IDENTIFIER = "com.garageminfinita.Mileage-TrackerTests";
				PRODUCT_NAME = "$(TARGET_NAME)";
				SWIFT_VERSION = 5.0;
				TARGETED_DEVICE_FAMILY = "1,2";
				TEST_HOST = "$(BUILT_PRODUCTS_DIR)/Mileage Tracker.app/Mileage Tracker";
			};
			name = Debug;
		};
		7985564624C8476000544777 /* Release */ = {
			isa = XCBuildConfiguration;
			buildSettings = {
				ALWAYS_EMBED_SWIFT_STANDARD_LIBRARIES = YES;
				BUNDLE_LOADER = "$(TEST_HOST)";
				CODE_SIGN_STYLE = Automatic;
				DEVELOPMENT_TEAM = L2BC5TCSR5;
				INFOPLIST_FILE = "Mileage TrackerTests/Info.plist";
				IPHONEOS_DEPLOYMENT_TARGET = 14.0;
				LD_RUNPATH_SEARCH_PATHS = (
					"$(inherited)",
					"@executable_path/Frameworks",
					"@loader_path/Frameworks",
				);
				PRODUCT_BUNDLE_IDENTIFIER = "com.garageminfinita.Mileage-TrackerTests";
				PRODUCT_NAME = "$(TARGET_NAME)";
				SWIFT_VERSION = 5.0;
				TARGETED_DEVICE_FAMILY = "1,2";
				TEST_HOST = "$(BUILT_PRODUCTS_DIR)/Mileage Tracker.app/Mileage Tracker";
			};
			name = Release;
		};
/* End XCBuildConfiguration section */

/* Begin XCConfigurationList section */
		7985561724C8475E00544777 /* Build configuration list for PBXProject "Mileage Tracker" */ = {
			isa = XCConfigurationList;
			buildConfigurations = (
				7985563F24C8476000544777 /* Debug */,
				7985564024C8476000544777 /* Release */,
			);
			defaultConfigurationIsVisible = 0;
			defaultConfigurationName = Release;
		};
		7985564124C8476000544777 /* Build configuration list for PBXNativeTarget "Mileage Tracker" */ = {
			isa = XCConfigurationList;
			buildConfigurations = (
				7985564224C8476000544777 /* Debug */,
				7985564324C8476000544777 /* Release */,
			);
			defaultConfigurationIsVisible = 0;
			defaultConfigurationName = Release;
		};
		7985564424C8476000544777 /* Build configuration list for PBXNativeTarget "Mileage TrackerTests" */ = {
			isa = XCConfigurationList;
			buildConfigurations = (
				7985564524C8476000544777 /* Debug */,
				7985564624C8476000544777 /* Release */,
			);
			defaultConfigurationIsVisible = 0;
			defaultConfigurationName = Release;
		};
/* End XCConfigurationList section */
	};
	rootObject = 7985561424C8475E00544777 /* Project object */;
}
